Microsoft Visual Studio Solution File, Format Version 12.00
# Visual Studio Version 17
VisualStudioVersion = 17.0.31903.59
MinimumVisualStudioVersion = 10.0.40219.1
Project("{2150E333-8FDC-42A3-9474-1A3956D46DE8}") = "src", "src", "{A1B2C3D4-E5F6-7890-ABCD-EF1234567890}"
EndProject
Project("{FAE04EC0-301F-11D3-BF4B-00C04F79EFBC}") = "ETL.Enterprise.Domain", "src\ETL.Enterprise.Domain\ETL.Enterprise.Domain.csproj", "{D1E2F3G4-H5I6-7890-JKLM-NO1234567890}"
EndProject
Project("{FAE04EC0-301F-11D3-BF4B-00C04F79EFBC}") = "ETL.Enterprise.Application", "src\ETL.Enterprise.Application\ETL.Enterprise.Application.csproj", "{E2F3G4H5-I6J7-8901-KLMN-OP2345678901}"
EndProject
Project("{FAE04EC0-301F-11D3-BF4B-00C04F79EFBC}") = "ETL.Enterprise.Infrastructure", "src\ETL.Enterprise.Infrastructure\ETL.Enterprise.Infrastructure.csproj", "{F3G4H5I6-J7K8-9012-LMNO-PQ3456789012}"
EndProject
Project("{FAE04EC0-301F-11D3-BF4B-00C04F79EFBC}") = "ETL.Enterprise.Console", "src\ETL.Enterprise.Console\ETL.Enterprise.Console.csproj", "{G4H5I6J7-K8L9-0123-MNOP-QR4567890123}"
EndProject

Project("{2150E333-8FDC-42A3-9474-1A3956D46DE8}") = "standalone", "standalone", "{I6J7K8L9-M0N1-2345-OPQR-ST6789012345}"
EndProject
Project("{FAE04EC0-301F-11D3-BF4B-00C04F79EFBC}") = "ETL.Scalable", "src\standalone\ETL.Scalable.csproj", "{J7K8L9M0-N1O2-3456-PQRS-TU7890123456}"
EndProject
Project("{FAE04EC0-301F-11D3-BF4B-00C04F79EFBC}") = "SSIS_Transform_Project", "src\SSIS_Transform_Project\SSIS_Transform.csproj", "{K8L9M0N1-O2P3-4567-QRST-UV8901234567}"
EndProject
Project("{2150E333-8FDC-42A3-9474-1A3956D46DE8}") = "tests", "tests", "{B2C3D4E5-F6G7-8901-BCDE-F23456789012}"
EndProject
Project("{FAE04EC0-301F-11D3-BF4B-00C04F79EFBC}") = "ETL.Enterprise.UnitTests", "tests\ETL.Enterprise.UnitTests\ETL.Enterprise.UnitTests.csproj", "{L9M0N1O2-P3Q4-5678-RSTU-VW9012345678}"
EndProject
Project("{FAE04EC0-301F-11D3-BF4B-00C04F79EFBC}") = "ETL.Enterprise.IntegrationTests", "tests\ETL.Enterprise.IntegrationTests\ETL.Enterprise.IntegrationTests.csproj", "{M0N1O2P3-Q4R5-6789-STUV-WX0123456789}"
EndProject
Project("{2150E333-8FDC-42A3-9474-1A3956D46DE8}") = "legacy", "legacy", "{C3D4E5F6-G7H8-9012-CDEF-G34567890123}"
EndProject
Project("{FAE04EC0-301F-11D3-BF4B-00C04F79EFBC}") = "ETL.Core", "legacy\ETL.Core\ETL.Core.csproj", "{N1O2P3Q4-R5S6-7890-TUVW-XY1234567890}"
EndProject
Project("{FAE04EC0-301F-11D3-BF4B-00C04F79EFBC}") = "ETL.Console", "legacy\ETL.Console\ETL.Console.csproj", "{O2P3Q4R5-S6T7-8901-UVWX-YZ2345678901}"
EndProject
Project("{FAE04EC0-301F-11D3-BF4B-00C04F79EFBC}") = "ETL.Tests", "legacy\ETL.Tests\ETL.Tests.csproj", "{P3Q4R5S6-T7U8-9012-VWXY-ZA3456789012}"
EndProject
Global
	GlobalSection(SolutionConfigurationPlatforms) = preSolution
		Debug|Any CPU = Debug|Any CPU
		Release|Any CPU = Release|Any CPU
	EndGlobalSection
	GlobalSection(ProjectConfigurationPlatforms) = postSolution
		{D1E2F3G4-H5I6-7890-JKLM-NO1234567890}.Debug|Any CPU.ActiveCfg = Debug|Any CPU
		{D1E2F3G4-H5I6-7890-JKLM-NO1234567890}.Debug|Any CPU.Build.0 = Debug|Any CPU
		{D1E2F3G4-H5I6-7890-JKLM-NO1234567890}.Release|Any CPU.ActiveCfg = Release|Any CPU
		{D1E2F3G4-H5I6-7890-JKLM-NO1234567890}.Release|Any CPU.Build.0 = Release|Any CPU
		{E2F3G4H5-I6J7-8901-KLMN-OP2345678901}.Debug|Any CPU.ActiveCfg = Debug|Any CPU
		{E2F3G4H5-I6J7-8901-KLMN-OP2345678901}.Debug|Any CPU.Build.0 = Debug|Any CPU
		{E2F3G4H5-I6J7-8901-KLMN-OP2345678901}.Release|Any CPU.ActiveCfg = Release|Any CPU
		{E2F3G4H5-I6J7-8901-KLMN-OP2345678901}.Release|Any CPU.Build.0 = Release|Any CPU
		{F3G4H5I6-J7K8-9012-LMNO-PQ3456789012}.Debug|Any CPU.ActiveCfg = Debug|Any CPU
		{F3G4H5I6-J7K8-9012-LMNO-PQ3456789012}.Debug|Any CPU.Build.0 = Debug|Any CPU
		{F3G4H5I6-J7K8-9012-LMNO-PQ3456789012}.Release|Any CPU.ActiveCfg = Release|Any CPU
		{F3G4H5I6-J7K8-9012-LMNO-PQ3456789012}.Release|Any CPU.Build.0 = Release|Any CPU
		{G4H5I6J7-K8L9-0123-MNOP-QR4567890123}.Debug|Any CPU.ActiveCfg = Debug|Any CPU
		{G4H5I6J7-K8L9-0123-MNOP-QR4567890123}.Debug|Any CPU.Build.0 = Debug|Any CPU
		{G4H5I6J7-K8L9-0123-MNOP-QR4567890123}.Release|Any CPU.ActiveCfg = Release|Any CPU
		{G4H5I6J7-K8L9-0123-MNOP-QR4567890123}.Release|Any CPU.Build.0 = Release|Any CPU

		{J7K8L9M0-N1O2-3456-PQRS-TU7890123456}.Debug|Any CPU.ActiveCfg = Debug|Any CPU
		{J7K8L9M0-N1O2-3456-PQRS-TU7890123456}.Debug|Any CPU.Build.0 = Debug|Any CPU
		{J7K8L9M0-N1O2-3456-PQRS-TU7890123456}.Release|Any CPU.ActiveCfg = Release|Any CPU
		{J7K8L9M0-N1O2-3456-PQRS-TU7890123456}.Release|Any CPU.Build.0 = Release|Any CPU
		{K8L9M0N1-O2P3-4567-QRST-UV8901234567}.Debug|Any CPU.ActiveCfg = Debug|Any CPU
		{K8L9M0N1-O2P3-4567-QRST-UV8901234567}.Debug|Any CPU.Build.0 = Debug|Any CPU
		{K8L9M0N1-O2P3-4567-QRST-UV8901234567}.Release|Any CPU.ActiveCfg = Release|Any CPU
		{K8L9M0N1-O2P3-4567-QRST-UV8901234567}.Release|Any CPU.Build.0 = Release|Any CPU
		{L9M0N1O2-P3Q4-5678-RSTU-VW9012345678}.Debug|Any CPU.ActiveCfg = Debug|Any CPU
		{L9M0N1O2-P3Q4-5678-RSTU-VW9012345678}.Debug|Any CPU.Build.0 = Debug|Any CPU
		{L9M0N1O2-P3Q4-5678-RSTU-VW9012345678}.Release|Any CPU.ActiveCfg = Release|Any CPU
		{L9M0N1O2-P3Q4-5678-RSTU-VW9012345678}.Release|Any CPU.Build.0 = Release|Any CPU
		{M0N1O2P3-Q4R5-6789-STUV-WX0123456789}.Debug|Any CPU.ActiveCfg = Debug|Any CPU
		{M0N1O2P3-Q4R5-6789-STUV-WX0123456789}.Debug|Any CPU.Build.0 = Debug|Any CPU
		{M0N1O2P3-Q4R5-6789-STUV-WX0123456789}.Release|Any CPU.ActiveCfg = Release|Any CPU
		{M0N1O2P3-Q4R5-6789-STUV-WX0123456789}.Release|Any CPU.Build.0 = Release|Any CPU
		{N1O2P3Q4-R5S6-7890-TUVW-XY1234567890}.Debug|Any CPU.ActiveCfg = Debug|Any CPU
		{N1O2P3Q4-R5S6-7890-TUVW-XY1234567890}.Debug|Any CPU.Build.0 = Debug|Any CPU
		{N1O2P3Q4-R5S6-7890-TUVW-XY1234567890}.Release|Any CPU.ActiveCfg = Release|Any CPU
		{N1O2P3Q4-R5S6-7890-TUVW-XY1234567890}.Release|Any CPU.Build.0 = Release|Any CPU
		{O2P3Q4R5-S6T7-8901-UVWX-YZ2345678901}.Debug|Any CPU.ActiveCfg = Debug|Any CPU
		{O2P3Q4R5-S6T7-8901-UVWX-YZ2345678901}.Debug|Any CPU.Build.0 = Debug|Any CPU
		{O2P3Q4R5-S6T7-8901-UVWX-YZ2345678901}.Release|Any CPU.ActiveCfg = Release|Any CPU
		{O2P3Q4R5-S6T7-8901-UVWX-YZ2345678901}.Release|Any CPU.Build.0 = Release|Any CPU
		{P3Q4R5S6-T7U8-9012-VWXY-ZA3456789012}.Debug|Any CPU.ActiveCfg = Debug|Any CPU
		{P3Q4R5S6-T7U8-9012-VWXY-ZA3456789012}.Debug|Any CPU.Build.0 = Debug|Any CPU
		{P3Q4R5S6-T7U8-9012-VWXY-ZA3456789012}.Release|Any CPU.ActiveCfg = Release|Any CPU
		{P3Q4R5S6-T7U8-9012-VWXY-ZA3456789012}.Release|Any CPU.Build.0 = Release|Any CPU
	EndGlobalSection
	GlobalSection(SolutionProperties) = preSolution
		HideSolutionNode = FALSE
	EndGlobalSection
	GlobalSection(NestedProjects) = postSolution
		{D1E2F3G4-H5I6-7890-JKLM-NO1234567890} = {A1B2C3D4-E5F6-7890-ABCD-EF1234567890}
		{E2F3G4H5-I6J7-8901-KLMN-OP2345678901} = {A1B2C3D4-E5F6-7890-ABCD-EF1234567890}
		{F3G4H5I6-J7K8-9012-LMNO-PQ3456789012} = {A1B2C3D4-E5F6-7890-ABCD-EF1234567890}
		{G4H5I6J7-K8L9-0123-MNOP-QR4567890123} = {A1B2C3D4-E5F6-7890-ABCD-EF1234567890}

		{J7K8L9M0-N1O2-3456-PQRS-TU7890123456} = {I6J7K8L9-M0N1-2345-OPQR-ST6789012345}
		{K8L9M0N1-O2P3-4567-QRST-UV8901234567} = {A1B2C3D4-E5F6-7890-ABCD-EF1234567890}
		{L9M0N1O2-P3Q4-5678-RSTU-VW9012345678} = {B2C3D4E5-F6G7-8901-BCDE-F23456789012}
		{M0N1O2P3-Q4R5-6789-STUV-WX0123456789} = {B2C3D4E5-F6G7-8901-BCDE-F23456789012}
		{N1O2P3Q4-R5S6-7890-TUVW-XY1234567890} = {C3D4E5F6-G7H8-9012-CDEF-G34567890123}
		{O2P3Q4R5-S6T7-8901-UVWX-YZ2345678901} = {C3D4E5F6-G7H8-9012-CDEF-G34567890123}
		{P3Q4R5S6-T7U8-9012-VWXY-ZA3456789012} = {C3D4E5F6-G7H8-9012-CDEF-G34567890123}
	EndGlobalSection
EndGlobal
